PODS:
  - DTTJailbreakDetection (0.4.0)
  - Flutter (1.0.0)
  - integration_test (0.0.1):
    - Flutter
  - path_provider_foundation (0.0.1):
    - Flutter
    - FlutterMacOS
  - safe_device (1.0.0):
    - DTTJailbreakDetection
    - Flutter
  - sqflite (0.0.3):
    - Flutter
    - FlutterMacOS
  - url_launcher_ios (0.0.1):
    - Flutter
  - webview_flutter_wkwebview (0.0.1):
    - Flutter

DEPENDENCIES:
  - Flutter (from `Flutter`)
  - integration_test (from `.symlinks/plugins/integration_test/ios`)
  - path_provider_foundation (from `.symlinks/plugins/path_provider_foundation/darwin`)
  - safe_device (from `.symlinks/plugins/safe_device/ios`)
  - sqflite (from `.symlinks/plugins/sqflite/darwin`)
  - url_launcher_ios (from `.symlinks/plugins/url_launcher_ios/ios`)
  - webview_flutter_wkwebview (from `.symlinks/plugins/webview_flutter_wkwebview/ios`)

SPEC REPOS:
  trunk:
    - DTTJailbreakDetection

EXTERNAL SOURCES:
  Flutter:
    :path: Flutter
  integration_test:
    :path: ".symlinks/plugins/integration_test/ios"
  path_provider_foundation:
    :path: ".symlinks/plugins/path_provider_foundation/darwin"
  safe_device:
    :path: ".symlinks/plugins/safe_device/ios"
  sqflite:
    :path: ".symlinks/plugins/sqflite/darwin"
  url_launcher_ios:
    :path: ".symlinks/plugins/url_launcher_ios/ios"
  webview_flutter_wkwebview:
    :path: ".symlinks/plugins/webview_flutter_wkwebview/ios"

SPEC CHECKSUMS:
  DTTJailbreakDetection: 5e356c5badc17995f65a83ed9483f787a0057b71
  Flutter: e0871f40cf51350855a761d2e70bf5af5b9b5de7
  integration_test: ce0a3ffa1de96d1a89ca0ac26fca7ea18a749ef4
  path_provider_foundation: 2b6b4c569c0fb62ec74538f866245ac84301af46
  safe_device: 4539eb6bdbeb4b61a763a51c4e73e6b37dea4e3d
  sqflite: 673a0e54cc04b7d6dba8d24fb8095b31c3a99eec
  url_launcher_ios: 5334b05cef931de560670eeae103fd3e431ac3fe
  webview_flutter_wkwebview: 2a23822e9039b7b1bc52e5add778e5d89ad488d1

PODFILE CHECKSUM: 819463e6a0290f5a72f145ba7cde16e8b6ef0796

COCOAPODS: 1.14.3
